<?xml version="1.0" encoding="utf-8"?>
<Project ToolsVersion="4.0" xmlns="http://schemas.microsoft.com/developer/msbuild/2003">
  <ItemGroup>
    <Filter Include="Header Files">
      <UniqueIdentifier>{93995380-89BD-4b04-88EB-625FBE52EBFB}</UniqueIdentifier>
      <Extensions>h;hh;hpp;hxx;h++;hm;inl;inc;ipp;xsd</Extensions>
    </Filter>
    <Filter Include="Source Files">
      <UniqueIdentifier>{4FC737F1-C7A5-4376-A066-2A32D752A2FF}</UniqueIdentifier>
      <Extensions>cpp;c;cc;cxx;c++;cppm;ixx;def;odl;idl;hpj;bat;asm;asmx</Extensions>
    </Filter>
    <Filter Include="Shader Files">
      <UniqueIdentifier>{31QEGG64-7T4M-4o21-U9CV-65JCXZ771OBH}</UniqueIdentifier>
      <Extensions>glsl</Extensions>
    </Filter>
    <Filter Include="Resource Files">
      <UniqueIdentifier>{67DA6AB6-F800-4c08-8B7A-83BB121AAD01}</UniqueIdentifier>
      <Extensions>rc;ico;cur;bmp;dlg;rc2;rct;bin;rgs;gif;jpg;jpeg;jpe;resx;tiff;tif;png;wav;mfcribbon-ms</Extensions>
    </Filter>
  </ItemGroup>
  <ItemGroup>
    <ClInclude Include="1_Getting_started\hello_window.h">
      <Filter>Header Files</Filter>
    </ClInclude>
    <ClInclude Include="1_Getting_started\hello_triangle.h">
      <Filter>Header Files</Filter>
    </ClInclude>
    <ClInclude Include="1_Getting_started\hello_triangle_indexed.h">
      <Filter>Header Files</Filter>
    </ClInclude>
    <ClInclude Include="1_Getting_started\hello_triangle_exercise1.h">
      <Filter>Header Files</Filter>
    </ClInclude>
    <ClInclude Include="1_Getting_started\hello_triangle_exercise2.h">
      <Filter>Header Files</Filter>
    </ClInclude>
    <ClInclude Include="1_Getting_started\hello_triangle_exercise3.h">
      <Filter>Header Files</Filter>
    </ClInclude>
    <ClInclude Include="1_Getting_started\shaders_uniform.h">
      <Filter>Header Files</Filter>
    </ClInclude>
    <ClInclude Include="1_Getting_started\shaders_interpolation.h">
      <Filter>Header Files</Filter>
    </ClInclude>
    <ClInclude Include="shader_s.h">
      <Filter>Header Files</Filter>
    </ClInclude>
    <ClInclude Include="1_Getting_started\shaders_class.h">
      <Filter>Header Files</Filter>
    </ClInclude>
    <ClInclude Include="stb_image.h">
      <Filter>Header Files</Filter>
    </ClInclude>
    <ClInclude Include="1_Getting_started\textures.h">
      <Filter>Header Files</Filter>
    </ClInclude>
    <ClInclude Include="1_Getting_started\textures_combined.h">
      <Filter>Header Files</Filter>
    </ClInclude>
    <ClInclude Include="1_Getting_started\transformations.h">
      <Filter>Header Files</Filter>
    </ClInclude>
  </ItemGroup>
  <ItemGroup>
    <ClCompile Include="glad.c">
      <Filter>Source Files</Filter>
    </ClCompile>
    <ClCompile Include="main.cpp">
      <Filter>Source Files</Filter>
    </ClCompile>
    <ClCompile Include="1_Getting_started\hello_window.cpp">
      <Filter>Source Files</Filter>
    </ClCompile>
    <ClCompile Include="1_Getting_started\hello_triangle.cpp">
      <Filter>Source Files</Filter>
    </ClCompile>
    <ClCompile Include="1_Getting_started\hello_triangle_indexed.cpp">
      <Filter>Source Files</Filter>
    </ClCompile>
    <ClCompile Include="1_Getting_started\hello_triangle_exercise1.cpp">
      <Filter>Source Files</Filter>
    </ClCompile>
    <ClCompile Include="1_Getting_started\hello_triangle_exercise2.cpp">
      <Filter>Source Files</Filter>
    </ClCompile>
    <ClCompile Include="1_Getting_started\hello_triangle_exercise3.cpp">
      <Filter>Source Files</Filter>
    </ClCompile>
    <ClCompile Include="1_Getting_started\shaders_uniform.cpp">
      <Filter>Source Files</Filter>
    </ClCompile>
    <ClCompile Include="1_Getting_started\shaders_interpolation.cpp">
      <Filter>Source Files</Filter>
    </ClCompile>
    <ClCompile Include="1_Getting_started\shaders_class.cpp">
      <Filter>Source Files</Filter>
    </ClCompile>
    <ClCompile Include="stb_image.cpp">
      <Filter>Source Files</Filter>
    </ClCompile>
    <ClCompile Include="1_Getting_started\textures.cpp">
      <Filter>Source Files</Filter>
    </ClCompile>
    <ClCompile Include="1_Getting_started\textures_combined.cpp">
      <Filter>Source Files</Filter>
    </ClCompile>
    <ClCompile Include="1_Getting_started\transformations.cpp">
      <Filter>Source Files</Filter>
    </ClCompile>
  </ItemGroup>
  <ItemGroup>
    <None Include="1_Getting_started\vertex_shader_for_2_5_3.glsl">
      <Filter>Shader Files</Filter>
    </None>
    <None Include="1_Getting_started\fragment_shader_for_2_5_3.glsl">
      <Filter>Shader Files</Filter>
    </None>
    <None Include="1_Getting_started\vertex_shader_for_2_6_1.glsl">
      <Filter>Shader Files</Filter>
    </None>
    <None Include="1_Getting_started\fragment_shader_for_2_6_1.glsl">
      <Filter>Shader Files</Filter>
    </None>
    <None Include="1_Getting_started\vertex_shader_for_2_6_2.glsl">
      <Filter>Shader Files</Filter>
    </None>
    <None Include="1_Getting_started\fragment_shader_for_2_6_2.glsl">
      <Filter>Shader Files</Filter>
    </None>
  </ItemGroup>
  <ItemGroup>
    <Image Include="1_Getting_started\brick_wall.jpg">
      <Filter>Resource Files</Filter>
    </Image>
    <Image Include="1_Getting_started\wooden_container.jpg">
      <Filter>Resource Files</Filter>
    </Image>
    <Image Include="1_Getting_started\awesome_face.png">
      <Filter>Resource Files</Filter>
    </Image>
  </ItemGroup>
</Project>
